{
  "name": "accessibilitylab1",
  "version": "1.0.0",
  "lockfileVersion": 1,
  "requires": true,
  "dependencies": {
    "@bedrock-layout/use-forwarded-ref": {
      "version": "1.1.8",
      "resolved": "https://registry.npmjs.org/@bedrock-layout/use-forwarded-ref/-/use-forwarded-ref-1.1.8.tgz",
      "integrity": "sha512-kDSIFUrSExIgbrErrH9FXLH5ah806gVFRxAWETztSU2j0p+CcrAijNzdd0azwgra065jlsc6c2AezEwEEqPa8A==",
      "requires": {
        "@bedrock-layout/use-stateful-ref": "^1.1.8"
      }
    },
    "@bedrock-layout/use-stateful-ref": {
      "version": "1.1.8",
      "resolved": "https://registry.npmjs.org/@bedrock-layout/use-stateful-ref/-/use-stateful-ref-1.1.8.tgz",
      "integrity": "sha512-MDMW1tN9VqsbdXpaPRhqn6jwwUqwmyfDSSDrPK+rEB9EQXwf1v7KD6B1f+sBrXlLzKPYFDIyPRJMxLAaMm37JQ=="
    },
    "body-scroll-lock": {
      "version": "3.1.5",
      "resolved": "https://registry.npmjs.org/body-scroll-lock/-/body-scroll-lock-3.1.5.tgz",
      "integrity": "sha512-Yi1Xaml0EvNA0OYWxXiYNqY24AfWkbA6w5vxE7GWxtKfzIbZM+Qw+aSmkgsbWzbHiy/RCSkUZBplVxTA+E4jJg=="
    },
    "classnames": {
      "version": "2.3.1",
      "resolved": "https://registry.npmjs.org/classnames/-/classnames-2.3.1.tgz",
      "integrity": "sha512-OlQdbZ7gLfGarSqxesMesDa5uz7KFbID8Kpq/SxIoNGDqY8lSYs0D+hhtBXhcdB3rcbXArFr7vlHheLk1voeNA=="
    },
    "dotenv": {
      "version": "10.0.0",
      "resolved": "https://registry.npmjs.org/dotenv/-/dotenv-10.0.0.tgz",
      "integrity": "sha512-rlBi9d8jpv9Sf1klPjNfFAuWDjKLwTIJJ/VxtoTwIR6hnZxcEOQCZg2oIL3MWBYw5GpUDKOEnND7LXTbIpQ03Q=="
    },
    "react-responsive-modal": {
      "version": "6.1.0",
      "resolved": "https://registry.npmjs.org/react-responsive-modal/-/react-responsive-modal-6.1.0.tgz",
      "integrity": "sha512-A0HUi0VCkLucfKblljLytnPXJ0FTnEOwYh/Yg3HSU0pT6Uevkc5bjDc+ai7RTZ6ENnXS+rR55i62tWpsW7B5EQ==",
      "requires": {
        "@bedrock-layout/use-forwarded-ref": "^1.1.4",
        "body-scroll-lock": "^3.1.5",
        "classnames": "^2.2.6"
      }
    }
  }
}
